{
    "hash": "c2d7e4d3a7a4c6c2c7f7d5c8a8d7f6b5",
    "packages": [
        {
            "name": "doctrine/annotations",
            "version": "1.10.4",
            "source": {
                "type": "git",
                "url": "https://github.com/doctrine/annotations.git",
                "reference": "d2a6e8b3d4b7f9c7e5f8b7b3c9f5c8a7a6d4b5c8"
            },
            "dist": {
                "type": "zip",
                "url": "https://api.github.com/repos/doctrine/annotations/zipball/d2a6e8b3d4b7f9c7e5f8b7b3c9f5c8a7a6d4b5c8",
                "reference": "d2a6e8b3d4b7f9c7e5f8b7b3c9f5c8a7a6d4b5c8",
                "shasum": ""
            },
            "require": {
                "doctrine/lexer": "^1.0.2",
                "php": "^7.2 || ^8.0"
            },
            "require-dev": {
                "doctrine/cache": "^1.0",
                "phpunit/phpunit": "^8.5"
            },
            "type": "library",
            "extra": {
                "branch-alias": {
                    "dev-master": "1.10.x-dev"
                }
            },
            "autoload": {
                "psr-4": {
                    "Doctrine\\Common\\Annotations\\": "lib/Doctrine/Common/Annotations"
                }
            },
            "notification-url": "https://packagist.org/downloads/",
            "license": [
                "MIT"
            ],
            "authors": [
                {
                    "name": "Roman Borschel",
                    "email": "roman@code-factory.org"
                },
                {
                    "name": "Benjamin Eberlei",
                    "email": "kontakt@beberlei.de"
                },
                {
                    "name": "Guilherme Blanco",
                    "email": "guilhermeblanco@gmail.com"
                },
                {
                    "name": "Jonathan Wage",
                    "email": "jonwage@gmail.com"
                }
            ],
            "description": "Docblock Annotations Parser",
            "homepage": "https://www.doctrine-project.org/projects/annotations.html",
            "keywords": [
                "annotations",
                "docblock",
                "parser"
            ],
            "time": "2021-02-18T14:00:03+00:00"
        },
        ...
    ],
    "packages-dev": [
        {
            "name": "phpunit/phpunit",
            "version": "8.5.14",
            "source": {
                "type": "git",
                "url": "https://github.com/sebastianbergmann/phpunit.git",
                "reference": "b4d9f3d6f7f5c6f4f3f2f1f0efefefefefefefef"
            },
            "dist": {
                "type": "zip",
                "url": "https://api.github.com/repos/sebastianbergmann/phpunit/zipball/b4d9f3d6f7f5c6f4f3f2f1f0efefefefefefefef",
                "reference": "b4d9f3d6f7f5c6f4f3f2f1f0efefefefefefefef",
                "shasum": ""
            },
            "require": {
                "ext-dom": "*",
                "ext-json": "*",
                "ext-libxml": "*",
                "ext-mbstring": "*",
                "ext-xml": "*",
                "myclabs/deep-copy": "^1.9.1",
                "phar-io/manifest": "^1.0.1",
                "phar-io/version": "^2.0.1",
                "php": "^7.2 || ^8.0",
                "phpspec/prophecy": "^1.10.3",
                "phpunit/php-code-coverage": "^7.0.7",
                "phpunit/php-file-iterator": "^2.0",
                "phpunit/php-text-template": "^1.2.1",
                "phpunit/php-timer": "^2.0",
                "phpunit/phpunit-mock-objects": "^6.0.3",
                "sebastian/comparator": "^3.0",
                "sebastian/diff": "^3.0",
                "sebastian/environment": "^4.0",
                "sebastian/exporter": "^3.1",
                "sebastian/global-state": "^4.0",
                "sebastian/object-enumerator": "^4.0",
                "sebastian/resource-operations": "^3.0",
                "sebastian/type": "^2.0",
                "sebastian/version": "^3.0"
            },
            "suggest": {
                "ext-soap": "*",
                "ext-xdebug": "*"
            },
            "bin": [
                "phpunit"
            ],
            "type": "library",
            "extra": {
                "branch-alias": {
                    "dev-master": "8.5.x-dev"
                }
            },
            "autoload": {
                "classmap": [
                    "src/"
                ],
                "files": [
                    "src/Framework/Assert/Functions.php"
                ],
                "psr-4": {
                    "PHPUnit\\": "src/"
                }
            },
            "notification-url": "https://packagist.org/downloads/",
            "license": [
                "BSD-3-Clause"
            ],
            "authors": [
                {
                    "name": "Sebastian Bergmann",
                    "email": "sebastian@phpunit.de",
                    "role": "lead"
                }
            ],
            "description": "The PHP Unit Testing framework.",
            "homepage": "https://phpunit.de/",
            "keywords": [
                "phpunit",
                "testing",
                "xunit"
            ],
            "time": "2021-03-05T05:50:13+00:00"
        },
        ...
    ],
    "aliases": [],
    "minimum-stability": "stable",
    "stability-flags": [],
    "prefer-stable": false,
    "prefer-lowest": false,
    "platform": {
        "php": "^7.2 || ^8.0"
    },
    "platform-dev": []
}